
Microsoft Visual Studio Solution File, Format Version 12.00
# Visual Studio Version 17
VisualStudioVersion = 17.10.35122.118
MinimumVisualStudioVersion = 10.0.40219.1
Project("{FAE04EC0-301F-11D3-BF4B-00C04F79EFBC}") = "CSOM File Add Test", "CSOM File Add Test\CSOM File Add Test.csproj", "{D05CB266-4D5B-43C6-938D-D19BBA48ECF9}"
EndProject
Project("{FAE04EC0-301F-11D3-BF4B-00C04F79EFBC}") = "Taxonomy API", "CSOM Taxonomy Field Update\Taxonomy API\Taxonomy API\Taxonomy API.csproj", "{AABA2BCC-405D-485C-A174-A0F6E94DC848}"
EndProject
Project("{FAE04EC0-301F-11D3-BF4B-00C04F79EFBC}") = "CSOM_ExceptionHandlingScope_Test", "CSOM_ExceptionHandlingScope_Test\CSOM_ExceptionHandlingScope_Test.csproj", "{0A5FBC73-9B52-4D74-919B-98B4F203799A}"
EndProject
Project("{FAE04EC0-301F-11D3-BF4B-00C04F79EFBC}") = "CSOM_View_Test", "CSOM_View_Test\CSOM_View_Test.csproj", "{50B06EAC-F0BC-4C43-B8DB-BB5AAA719726}"
EndProject
Project("{FAE04EC0-301F-11D3-BF4B-00C04F79EFBC}") = "CamlQueryTest", "SharePoint Query Test\CamlQueryTest\CamlQueryTest.csproj", "{3276AFB3-BB07-4D73-9115-6041386DDC83}"
EndProject
Project("{FAE04EC0-301F-11D3-BF4B-00C04F79EFBC}") = "UpdateConflictSample", "UpdateConlictSample\UpdateConflictSample.csproj", "{B4CDD0B8-0FEA-4183-8F00-17FAC42C4A8F}"
EndProject
Project("{FAE04EC0-301F-11D3-BF4B-00C04F79EFBC}") = "CSOM_CheckPermission", "CSOM_CheckPermission\CSOM_CheckPermission.csproj", "{7ECFDF70-C723-4B9F-9370-BDD5059E3F37}"
EndProject
Project("{FAE04EC0-301F-11D3-BF4B-00C04F79EFBC}") = "TenantApiTest", "TenantApiTest\TenantApiTest.csproj", "{5A7302C3-C28F-4A1D-BEC4-C2F657FE4941}"
EndProject
Project("{FAE04EC0-301F-11D3-BF4B-00C04F79EFBC}") = "UpdateWebAllProperties", "UpdateWebAllProperties\UpdateWebAllProperties.csproj", "{7D662CBE-C929-47E9-B47D-E6658AC5CBD5}"
EndProject
Project("{9A19103F-16F7-4668-BE54-9A1E7A4F7556}") = "SetColumnDefaultValue", "SetColumnDefaultValue\SetColumnDefaultValue.csproj", "{906AFDC7-E1F4-4BF3-A9E7-54DD69E15AD3}"
EndProject
Project("{FAE04EC0-301F-11D3-BF4B-00C04F79EFBC}") = "CSOM.Common", "CSOM.Common\CSOM.Common.csproj", "{72E32676-9A6E-45E1-8DD2-4C1BAC0C3948}"
EndProject
Global
	GlobalSection(SolutionConfigurationPlatforms) = preSolution
		Debug|Any CPU = Debug|Any CPU
		Release|Any CPU = Release|Any CPU
	EndGlobalSection
	GlobalSection(ProjectConfigurationPlatforms) = postSolution
		{D05CB266-4D5B-43C6-938D-D19BBA48ECF9}.Debug|Any CPU.ActiveCfg = Debug|Any CPU
		{D05CB266-4D5B-43C6-938D-D19BBA48ECF9}.Debug|Any CPU.Build.0 = Debug|Any CPU
		{D05CB266-4D5B-43C6-938D-D19BBA48ECF9}.Release|Any CPU.ActiveCfg = Release|Any CPU
		{D05CB266-4D5B-43C6-938D-D19BBA48ECF9}.Release|Any CPU.Build.0 = Release|Any CPU
		{AABA2BCC-405D-485C-A174-A0F6E94DC848}.Debug|Any CPU.ActiveCfg = Debug|Any CPU
		{AABA2BCC-405D-485C-A174-A0F6E94DC848}.Debug|Any CPU.Build.0 = Debug|Any CPU
		{AABA2BCC-405D-485C-A174-A0F6E94DC848}.Release|Any CPU.ActiveCfg = Release|Any CPU
		{AABA2BCC-405D-485C-A174-A0F6E94DC848}.Release|Any CPU.Build.0 = Release|Any CPU
		{0A5FBC73-9B52-4D74-919B-98B4F203799A}.Debug|Any CPU.ActiveCfg = Debug|Any CPU
		{0A5FBC73-9B52-4D74-919B-98B4F203799A}.Debug|Any CPU.Build.0 = Debug|Any CPU
		{0A5FBC73-9B52-4D74-919B-98B4F203799A}.Release|Any CPU.ActiveCfg = Release|Any CPU
		{0A5FBC73-9B52-4D74-919B-98B4F203799A}.Release|Any CPU.Build.0 = Release|Any CPU
		{50B06EAC-F0BC-4C43-B8DB-BB5AAA719726}.Debug|Any CPU.ActiveCfg = Debug|Any CPU
		{50B06EAC-F0BC-4C43-B8DB-BB5AAA719726}.Debug|Any CPU.Build.0 = Debug|Any CPU
		{50B06EAC-F0BC-4C43-B8DB-BB5AAA719726}.Release|Any CPU.ActiveCfg = Release|Any CPU
		{50B06EAC-F0BC-4C43-B8DB-BB5AAA719726}.Release|Any CPU.Build.0 = Release|Any CPU
		{3276AFB3-BB07-4D73-9115-6041386DDC83}.Debug|Any CPU.ActiveCfg = Debug|Any CPU
		{3276AFB3-BB07-4D73-9115-6041386DDC83}.Debug|Any CPU.Build.0 = Debug|Any CPU
		{3276AFB3-BB07-4D73-9115-6041386DDC83}.Release|Any CPU.ActiveCfg = Release|Any CPU
		{3276AFB3-BB07-4D73-9115-6041386DDC83}.Release|Any CPU.Build.0 = Release|Any CPU
		{B4CDD0B8-0FEA-4183-8F00-17FAC42C4A8F}.Debug|Any CPU.ActiveCfg = Debug|Any CPU
		{B4CDD0B8-0FEA-4183-8F00-17FAC42C4A8F}.Debug|Any CPU.Build.0 = Debug|Any CPU
		{B4CDD0B8-0FEA-4183-8F00-17FAC42C4A8F}.Release|Any CPU.ActiveCfg = Release|Any CPU
		{B4CDD0B8-0FEA-4183-8F00-17FAC42C4A8F}.Release|Any CPU.Build.0 = Release|Any CPU
		{7ECFDF70-C723-4B9F-9370-BDD5059E3F37}.Debug|Any CPU.ActiveCfg = Debug|Any CPU
		{7ECFDF70-C723-4B9F-9370-BDD5059E3F37}.Debug|Any CPU.Build.0 = Debug|Any CPU
		{7ECFDF70-C723-4B9F-9370-BDD5059E3F37}.Release|Any CPU.ActiveCfg = Release|Any CPU
		{7ECFDF70-C723-4B9F-9370-BDD5059E3F37}.Release|Any CPU.Build.0 = Release|Any CPU
		{5A7302C3-C28F-4A1D-BEC4-C2F657FE4941}.Debug|Any CPU.ActiveCfg = Debug|Any CPU
		{5A7302C3-C28F-4A1D-BEC4-C2F657FE4941}.Debug|Any CPU.Build.0 = Debug|Any CPU
		{5A7302C3-C28F-4A1D-BEC4-C2F657FE4941}.Release|Any CPU.ActiveCfg = Release|Any CPU
		{5A7302C3-C28F-4A1D-BEC4-C2F657FE4941}.Release|Any CPU.Build.0 = Release|Any CPU
		{7D662CBE-C929-47E9-B47D-E6658AC5CBD5}.Debug|Any CPU.ActiveCfg = Debug|Any CPU
		{7D662CBE-C929-47E9-B47D-E6658AC5CBD5}.Debug|Any CPU.Build.0 = Debug|Any CPU
		{7D662CBE-C929-47E9-B47D-E6658AC5CBD5}.Release|Any CPU.ActiveCfg = Release|Any CPU
		{7D662CBE-C929-47E9-B47D-E6658AC5CBD5}.Release|Any CPU.Build.0 = Release|Any CPU
		{906AFDC7-E1F4-4BF3-A9E7-54DD69E15AD3}.Debug|Any CPU.ActiveCfg = Debug|Any CPU
		{906AFDC7-E1F4-4BF3-A9E7-54DD69E15AD3}.Debug|Any CPU.Build.0 = Debug|Any CPU
		{906AFDC7-E1F4-4BF3-A9E7-54DD69E15AD3}.Release|Any CPU.ActiveCfg = Release|Any CPU
		{906AFDC7-E1F4-4BF3-A9E7-54DD69E15AD3}.Release|Any CPU.Build.0 = Release|Any CPU
		{72E32676-9A6E-45E1-8DD2-4C1BAC0C3948}.Debug|Any CPU.ActiveCfg = Debug|Any CPU
		{72E32676-9A6E-45E1-8DD2-4C1BAC0C3948}.Debug|Any CPU.Build.0 = Debug|Any CPU
		{72E32676-9A6E-45E1-8DD2-4C1BAC0C3948}.Release|Any CPU.ActiveCfg = Release|Any CPU
		{72E32676-9A6E-45E1-8DD2-4C1BAC0C3948}.Release|Any CPU.Build.0 = Release|Any CPU
	EndGlobalSection
	GlobalSection(SolutionProperties) = preSolution
		HideSolutionNode = FALSE
	EndGlobalSection
	GlobalSection(ExtensibilityGlobals) = postSolution
		SolutionGuid = {FC739663-935A-4F9C-A2FE-88BFBF024BDB}
	EndGlobalSection
EndGlobal
