
Microsoft Visual Studio Solution File, Format Version 12.00
# Visual Studio 2012
Project("{FAE04EC0-301F-11D3-BF4B-00C04F79EFBC}") = "CSOM File Add Test", "CSOM File Add Test\CSOM File Add Test.csproj", "{D05CB266-4D5B-43C6-938D-D19BBA48ECF9}"
EndProject
Project("{FAE04EC0-301F-11D3-BF4B-00C04F79EFBC}") = "CamlQueryTest", "CamlQueryTest\CamlQueryTest.csproj", "{3276AFB3-BB07-4D73-9115-6041386DDC83}"
EndProject
Project("{FAE04EC0-301F-11D3-BF4B-00C04F79EFBC}") = "CSOM_ExceptionHandlingScope_Test", "CSOM_ExceptionHandlingScope_Test\CSOM_ExceptionHandlingScope_Test.csproj", "{0A5FBC73-9B52-4D74-919B-98B4F203799A}"
EndProject
Project("{FAE04EC0-301F-11D3-BF4B-00C04F79EFBC}") = "CSOM_View_Test", "CSOM_View_Test\CSOM_View_Test.csproj", "{50B06EAC-F0BC-4C43-B8DB-BB5AAA719726}"
EndProject
Project("{FAE04EC0-301F-11D3-BF4B-00C04F79EFBC}") = "SaveConflictTest", "SaveConflictTest\SaveConflictTest.csproj", "{B4CDD0B8-0FEA-4183-8F00-17FAC42C4A8F}"
EndProject
Project("{FAE04EC0-301F-11D3-BF4B-00C04F79EFBC}") = "LocalTest", "LocalTest\LocalTest.csproj", "{DDC50675-B832-4D6B-8427-8EA8F1D63F39}"
EndProject
Project("{FAE04EC0-301F-11D3-BF4B-00C04F79EFBC}") = "TimeZoneTest", "TimeZoneTest\TimeZoneTest.csproj", "{4DAF3680-00EB-4BA6-BFD2-F46DB9B90E88}"
EndProject
Global
	GlobalSection(SolutionConfigurationPlatforms) = preSolution
		Debug|Any CPU = Debug|Any CPU
		Release|Any CPU = Release|Any CPU
	EndGlobalSection
	GlobalSection(ProjectConfigurationPlatforms) = postSolution
		{D05CB266-4D5B-43C6-938D-D19BBA48ECF9}.Debug|Any CPU.ActiveCfg = Debug|Any CPU
		{D05CB266-4D5B-43C6-938D-D19BBA48ECF9}.Debug|Any CPU.Build.0 = Debug|Any CPU
		{D05CB266-4D5B-43C6-938D-D19BBA48ECF9}.Release|Any CPU.ActiveCfg = Release|Any CPU
		{D05CB266-4D5B-43C6-938D-D19BBA48ECF9}.Release|Any CPU.Build.0 = Release|Any CPU
		{3276AFB3-BB07-4D73-9115-6041386DDC83}.Debug|Any CPU.ActiveCfg = Debug|Any CPU
		{3276AFB3-BB07-4D73-9115-6041386DDC83}.Debug|Any CPU.Build.0 = Debug|Any CPU
		{3276AFB3-BB07-4D73-9115-6041386DDC83}.Release|Any CPU.ActiveCfg = Release|Any CPU
		{3276AFB3-BB07-4D73-9115-6041386DDC83}.Release|Any CPU.Build.0 = Release|Any CPU
		{0A5FBC73-9B52-4D74-919B-98B4F203799A}.Debug|Any CPU.ActiveCfg = Debug|Any CPU
		{0A5FBC73-9B52-4D74-919B-98B4F203799A}.Debug|Any CPU.Build.0 = Debug|Any CPU
		{0A5FBC73-9B52-4D74-919B-98B4F203799A}.Release|Any CPU.ActiveCfg = Release|Any CPU
		{0A5FBC73-9B52-4D74-919B-98B4F203799A}.Release|Any CPU.Build.0 = Release|Any CPU
		{50B06EAC-F0BC-4C43-B8DB-BB5AAA719726}.Debug|Any CPU.ActiveCfg = Debug|Any CPU
		{50B06EAC-F0BC-4C43-B8DB-BB5AAA719726}.Debug|Any CPU.Build.0 = Debug|Any CPU
		{50B06EAC-F0BC-4C43-B8DB-BB5AAA719726}.Release|Any CPU.ActiveCfg = Release|Any CPU
		{50B06EAC-F0BC-4C43-B8DB-BB5AAA719726}.Release|Any CPU.Build.0 = Release|Any CPU
		{B4CDD0B8-0FEA-4183-8F00-17FAC42C4A8F}.Debug|Any CPU.ActiveCfg = Debug|Any CPU
		{B4CDD0B8-0FEA-4183-8F00-17FAC42C4A8F}.Debug|Any CPU.Build.0 = Debug|Any CPU
		{B4CDD0B8-0FEA-4183-8F00-17FAC42C4A8F}.Release|Any CPU.ActiveCfg = Release|Any CPU
		{B4CDD0B8-0FEA-4183-8F00-17FAC42C4A8F}.Release|Any CPU.Build.0 = Release|Any CPU
		{DDC50675-B832-4D6B-8427-8EA8F1D63F39}.Debug|Any CPU.ActiveCfg = Debug|Any CPU
		{DDC50675-B832-4D6B-8427-8EA8F1D63F39}.Debug|Any CPU.Build.0 = Debug|Any CPU
		{DDC50675-B832-4D6B-8427-8EA8F1D63F39}.Release|Any CPU.ActiveCfg = Release|Any CPU
		{DDC50675-B832-4D6B-8427-8EA8F1D63F39}.Release|Any CPU.Build.0 = Release|Any CPU
		{4DAF3680-00EB-4BA6-BFD2-F46DB9B90E88}.Debug|Any CPU.ActiveCfg = Debug|Any CPU
		{4DAF3680-00EB-4BA6-BFD2-F46DB9B90E88}.Debug|Any CPU.Build.0 = Debug|Any CPU
		{4DAF3680-00EB-4BA6-BFD2-F46DB9B90E88}.Release|Any CPU.ActiveCfg = Release|Any CPU
		{4DAF3680-00EB-4BA6-BFD2-F46DB9B90E88}.Release|Any CPU.Build.0 = Release|Any CPU
	EndGlobalSection
	GlobalSection(SolutionProperties) = preSolution
		HideSolutionNode = FALSE
	EndGlobalSection
EndGlobal
